
Microsoft Visual Studio Solution File, Format Version 12.00
# Visual Studio 2012
Project("{FAE04EC0-301F-11D3-BF4B-00C04F79EFBC}") = "SplashView", "SplashView\SplashView.csproj", "{9186D2ED-830E-46DE-A735-4B7038314815}"
EndProject
Project("{FAE04EC0-301F-11D3-BF4B-00C04F79EFBC}") = "SplashViewTest", "SplashViewTest\SplashViewTest.csproj", "{99054F50-E89D-4FB4-99CC-F36E76E3406A}"
EndProject
Project("{FAE04EC0-301F-11D3-BF4B-00C04F79EFBC}") = "SplashViewTest.UITests", "SplashViewTest.UITests\SplashViewTest.UITests.csproj", "{CAD1DF9D-7395-4B41-8A19-1920126D1DB9}"
EndProject
Global
	GlobalSection(SolutionConfigurationPlatforms) = preSolution
		Debug|Any CPU = Debug|Any CPU
		Release|Any CPU = Release|Any CPU
		Debug|iPhoneSimulator = Debug|iPhoneSimulator
		Release|iPhone = Release|iPhone
		Release|iPhoneSimulator = Release|iPhoneSimulator
		Debug|iPhone = Debug|iPhone
	EndGlobalSection
	GlobalSection(ProjectConfigurationPlatforms) = postSolution
		{9186D2ED-830E-46DE-A735-4B7038314815}.Debug|Any CPU.ActiveCfg = Debug|Any CPU
		{9186D2ED-830E-46DE-A735-4B7038314815}.Debug|Any CPU.Build.0 = Debug|Any CPU
		{9186D2ED-830E-46DE-A735-4B7038314815}.Release|Any CPU.ActiveCfg = Release|Any CPU
		{9186D2ED-830E-46DE-A735-4B7038314815}.Release|Any CPU.Build.0 = Release|Any CPU
		{9186D2ED-830E-46DE-A735-4B7038314815}.Debug|iPhoneSimulator.ActiveCfg = Debug|Any CPU
		{9186D2ED-830E-46DE-A735-4B7038314815}.Debug|iPhoneSimulator.Build.0 = Debug|Any CPU
		{9186D2ED-830E-46DE-A735-4B7038314815}.Release|iPhone.ActiveCfg = Release|Any CPU
		{9186D2ED-830E-46DE-A735-4B7038314815}.Release|iPhone.Build.0 = Release|Any CPU
		{9186D2ED-830E-46DE-A735-4B7038314815}.Release|iPhoneSimulator.ActiveCfg = Release|Any CPU
		{9186D2ED-830E-46DE-A735-4B7038314815}.Release|iPhoneSimulator.Build.0 = Release|Any CPU
		{9186D2ED-830E-46DE-A735-4B7038314815}.Debug|iPhone.ActiveCfg = Debug|Any CPU
		{9186D2ED-830E-46DE-A735-4B7038314815}.Debug|iPhone.Build.0 = Debug|Any CPU
		{99054F50-E89D-4FB4-99CC-F36E76E3406A}.Debug|Any CPU.ActiveCfg = Debug|iPhoneSimulator
		{99054F50-E89D-4FB4-99CC-F36E76E3406A}.Debug|Any CPU.Build.0 = Debug|iPhoneSimulator
		{99054F50-E89D-4FB4-99CC-F36E76E3406A}.Release|Any CPU.ActiveCfg = Release|iPhone
		{99054F50-E89D-4FB4-99CC-F36E76E3406A}.Release|Any CPU.Build.0 = Release|iPhone
		{99054F50-E89D-4FB4-99CC-F36E76E3406A}.Debug|iPhoneSimulator.ActiveCfg = Debug|iPhoneSimulator
		{99054F50-E89D-4FB4-99CC-F36E76E3406A}.Debug|iPhoneSimulator.Build.0 = Debug|iPhoneSimulator
		{99054F50-E89D-4FB4-99CC-F36E76E3406A}.Release|iPhone.ActiveCfg = Release|iPhone
		{99054F50-E89D-4FB4-99CC-F36E76E3406A}.Release|iPhone.Build.0 = Release|iPhone
		{99054F50-E89D-4FB4-99CC-F36E76E3406A}.Release|iPhoneSimulator.ActiveCfg = Release|iPhoneSimulator
		{99054F50-E89D-4FB4-99CC-F36E76E3406A}.Release|iPhoneSimulator.Build.0 = Release|iPhoneSimulator
		{99054F50-E89D-4FB4-99CC-F36E76E3406A}.Debug|iPhone.ActiveCfg = Debug|iPhone
		{99054F50-E89D-4FB4-99CC-F36E76E3406A}.Debug|iPhone.Build.0 = Debug|iPhone
		{CAD1DF9D-7395-4B41-8A19-1920126D1DB9}.Debug|Any CPU.ActiveCfg = Debug|Any CPU
		{CAD1DF9D-7395-4B41-8A19-1920126D1DB9}.Debug|Any CPU.Build.0 = Debug|Any CPU
		{CAD1DF9D-7395-4B41-8A19-1920126D1DB9}.Release|Any CPU.ActiveCfg = Release|Any CPU
		{CAD1DF9D-7395-4B41-8A19-1920126D1DB9}.Release|Any CPU.Build.0 = Release|Any CPU
		{CAD1DF9D-7395-4B41-8A19-1920126D1DB9}.Debug|iPhoneSimulator.ActiveCfg = Debug|Any CPU
		{CAD1DF9D-7395-4B41-8A19-1920126D1DB9}.Debug|iPhoneSimulator.Build.0 = Debug|Any CPU
		{CAD1DF9D-7395-4B41-8A19-1920126D1DB9}.Release|iPhone.ActiveCfg = Release|Any CPU
		{CAD1DF9D-7395-4B41-8A19-1920126D1DB9}.Release|iPhone.Build.0 = Release|Any CPU
		{CAD1DF9D-7395-4B41-8A19-1920126D1DB9}.Release|iPhoneSimulator.ActiveCfg = Release|Any CPU
		{CAD1DF9D-7395-4B41-8A19-1920126D1DB9}.Release|iPhoneSimulator.Build.0 = Release|Any CPU
		{CAD1DF9D-7395-4B41-8A19-1920126D1DB9}.Debug|iPhone.ActiveCfg = Debug|Any CPU
		{CAD1DF9D-7395-4B41-8A19-1920126D1DB9}.Debug|iPhone.Build.0 = Debug|Any CPU
	EndGlobalSection
EndGlobal
